{
    "_readme": [
        "This file locks the dependencies of your project to a known state",
        "Read more about it at https://getcomposer.org/doc/01-basic-usage.md#composer-lock-the-lock-file",
        "This file is @generated automatically"
    ],
    "hash": "600ead0c2327a6279d7568e1fc04335d",
    "content-hash": "780744d922decd5ee2e2279b0ea903de",
    "packages": [
        {
            "name": "naneau/semver",
            "version": "0.0.7",
            "source": {
                "type": "git",
                "url": "https://github.com/naneau/semver.git",
                "reference": "60ea59641aad840f97f3c9057e2f2b7bc087eaa3"
            },
            "dist": {
                "type": "zip",
                "url": "https://api.github.com/repos/naneau/semver/zipball/60ea59641aad840f97f3c9057e2f2b7bc087eaa3",
                "reference": "60ea59641aad840f97f3c9057e2f2b7bc087eaa3",
                "shasum": ""
            },
            "require": {
                "php": ">=5.3.0"
            },
            "require-dev": {
                "phpunit/phpunit": "~4.0.0"
            },
            "type": "library",
            "autoload": {
                "psr-0": {
                    "Naneau\\SemVer\\": "src"
                }
            },
            "notification-url": "https://packagist.org/downloads/",
            "license": [
                "MIT"
            ],
            "authors": [
                {
                    "name": "Maurice Fonk",
                    "email": "maurice@naneau.net",
                    "homepage": "http://mauricefonk.com",
                    "role": "developer"
                }
            ],
            "description": "A decent, standards-compliant, Semantic Versioning (SemVer) parser and library",
            "homepage": "https://github.com/naneau/semver",
            "keywords": [
                "semantic",
                "semver",
                "versioning"
            ],
            "time": "2013-01-04 00:00:00"
        },
        {
            "name": "sturgeon/phparse",
            "version": "0.1.0",
            "source": {
                "type": "git",
                "url": "https://github.com/philsturgeon/phparse.git",
                "reference": "5245b47085444b1bb95a825269e904782d49d0ad"
            },
            "dist": {
                "type": "path",
                "url": "https://api.github.com/repos/philsturgeon/phparse/zipball/5245b47085444b1bb95a825269e904782d49d0ad",
                "reference": "4e4fc92d0b6c590ed976d1c05c04eaa43b9c84eb",
                "shasum": null
            },
            "require": {
                "naneau/semver": "0.0.7.*"
            },
            "require-dev": {
                "crysalead/kahlan": "~1.2",
                "php-vcr/php-vcr": "~1.2"
            },
            "type": "library",
            "autoload": {
                "psr-4": {
                    "Sturgeon\\PHPArse\\": "src"
                }
            }
        },
        {
            "name": "symfony/yaml",
            "version": "v3.0.2",
            "source": {
                "type": "git",
                "url": "https://github.com/symfony/yaml.git",
                "reference": "3cf0709d7fe936e97bee9e954382e449003f1d9a"
            },
            "dist": {
                "type": "zip",
                "url": "https://api.github.com/repos/symfony/yaml/zipball/3cf0709d7fe936e97bee9e954382e449003f1d9a",
                "reference": "3cf0709d7fe936e97bee9e954382e449003f1d9a",
                "shasum": ""
            },
            "require": {
                "php": ">=5.5.9"
            },
            "type": "library",
            "extra": {
                "branch-alias": {
                    "dev-master": "3.0-dev"
                }
            },
            "autoload": {
                "psr-4": {
                    "Symfony\\Component\\Yaml\\": ""
                },
                "exclude-from-classmap": [
                    "/Tests/"
                ]
            },
            "notification-url": "https://packagist.org/downloads/",
            "license": [
                "MIT"
            ],
            "authors": [
                {
                    "name": "Fabien Potencier",
                    "email": "fabien@symfony.com"
                },
                {
                    "name": "Symfony Community",
                    "homepage": "https://symfony.com/contributors"
                }
            ],
            "description": "Symfony Yaml Component",
            "homepage": "https://symfony.com",
            "time": "2016-02-02 13:44:19"
        }
    ],
    "packages-dev": [],
    "aliases": [],
    "minimum-stability": "stable",
    "stability-flags": [],
    "prefer-stable": false,
    "prefer-lowest": false,
    "platform": {
        "php": "^7.0"
    },
    "platform-dev": []
}
