{
    "_readme": [
        "This file locks the dependencies of your project to a known state",
        "Read more about it at https://getcomposer.org/doc/01-basic-usage.md#composer-lock-the-lock-file",
        "This file is @generated automatically"
    ],
    "hash": "411e0ffb64d57403d8bb22b65c604a19",
    "content-hash": "1fbfee907b482db3dfbeec990781fdfd",
    "packages": [
        {
            "name": "naneau/semver",
            "version": "0.0.7",
            "source": {
                "type": "git",
                "url": "https://github.com/naneau/semver.git",
                "reference": "60ea59641aad840f97f3c9057e2f2b7bc087eaa3"
            },
            "dist": {
                "type": "zip",
                "url": "https://api.github.com/repos/naneau/semver/zipball/60ea59641aad840f97f3c9057e2f2b7bc087eaa3",
                "reference": "60ea59641aad840f97f3c9057e2f2b7bc087eaa3",
                "shasum": ""
            },
            "require": {
                "php": ">=5.3.0"
            },
            "require-dev": {
                "phpunit/phpunit": "~4.0.0"
            },
            "type": "library",
            "autoload": {
                "psr-0": {
                    "Naneau\\SemVer\\": "src"
                }
            },
            "notification-url": "https://packagist.org/downloads/",
            "license": [
                "MIT"
            ],
            "authors": [
                {
                    "name": "Maurice Fonk",
                    "email": "maurice@naneau.net",
                    "homepage": "http://mauricefonk.com",
                    "role": "developer"
                }
            ],
            "description": "A decent, standards-compliant, Semantic Versioning (SemVer) parser and library",
            "homepage": "https://github.com/naneau/semver",
            "keywords": [
                "semantic",
                "semver",
                "versioning"
            ],
            "time": "2013-01-04 00:00:00"
        },
        {
            "name": "sturgeon/phparse",
            "version": "0.2.1",
            "source": {
                "type": "git",
                "url": "https://github.com/philsturgeon/phparse.git",
                "reference": "13fc38986a7a389f5015040ac4b49b7fcf192ab5"
            },
            "dist": {
                "type": "zip",
                "url": "https://api.github.com/repos/philsturgeon/phparse/zipball/13fc38986a7a389f5015040ac4b49b7fcf192ab5",
                "reference": "13fc38986a7a389f5015040ac4b49b7fcf192ab5",
                "shasum": ""
            },
            "require": {
                "naneau/semver": "0.0.7.*"
            },
            "require-dev": {
                "crysalead/kahlan": "~1.2",
                "php-vcr/php-vcr": "~1.2"
            },
            "type": "library",
            "autoload": {
                "psr-4": {
                    "Sturgeon\\PHPArse\\": "src"
                }
            },
            "support": {
                "source": "https://github.com/philsturgeon/phparse/tree/0.2.1",
                "issues": "https://github.com/philsturgeon/phparse/issues"
            },
            "time": "2016-09-19 21:54:22"
        },
        {
            "name": "symfony/dom-crawler",
            "version": "v3.1.4",
            "source": {
                "type": "git",
                "url": "https://github.com/symfony/dom-crawler.git",
                "reference": "bb7395e8b1db3654de82b9f35d019958276de4d7"
            },
            "dist": {
                "type": "zip",
                "url": "https://api.github.com/repos/symfony/dom-crawler/zipball/bb7395e8b1db3654de82b9f35d019958276de4d7",
                "reference": "bb7395e8b1db3654de82b9f35d019958276de4d7",
                "shasum": ""
            },
            "require": {
                "php": ">=5.5.9",
                "symfony/polyfill-mbstring": "~1.0"
            },
            "require-dev": {
                "symfony/css-selector": "~2.8|~3.0"
            },
            "suggest": {
                "symfony/css-selector": ""
            },
            "type": "library",
            "extra": {
                "branch-alias": {
                    "dev-master": "3.1-dev"
                }
            },
            "autoload": {
                "psr-4": {
                    "Symfony\\Component\\DomCrawler\\": ""
                },
                "exclude-from-classmap": [
                    "/Tests/"
                ]
            },
            "notification-url": "https://packagist.org/downloads/",
            "license": [
                "MIT"
            ],
            "authors": [
                {
                    "name": "Fabien Potencier",
                    "email": "fabien@symfony.com"
                },
                {
                    "name": "Symfony Community",
                    "homepage": "https://symfony.com/contributors"
                }
            ],
            "description": "Symfony DomCrawler Component",
            "homepage": "https://symfony.com",
            "time": "2016-08-05 08:37:39"
        },
        {
            "name": "symfony/polyfill-mbstring",
            "version": "v1.2.0",
            "source": {
                "type": "git",
                "url": "https://github.com/symfony/polyfill-mbstring.git",
                "reference": "dff51f72b0706335131b00a7f49606168c582594"
            },
            "dist": {
                "type": "zip",
                "url": "https://api.github.com/repos/symfony/polyfill-mbstring/zipball/dff51f72b0706335131b00a7f49606168c582594",
                "reference": "dff51f72b0706335131b00a7f49606168c582594",
                "shasum": ""
            },
            "require": {
                "php": ">=5.3.3"
            },
            "suggest": {
                "ext-mbstring": "For best performance"
            },
            "type": "library",
            "extra": {
                "branch-alias": {
                    "dev-master": "1.2-dev"
                }
            },
            "autoload": {
                "psr-4": {
                    "Symfony\\Polyfill\\Mbstring\\": ""
                },
                "files": [
                    "bootstrap.php"
                ]
            },
            "notification-url": "https://packagist.org/downloads/",
            "license": [
                "MIT"
            ],
            "authors": [
                {
                    "name": "Nicolas Grekas",
                    "email": "p@tchwork.com"
                },
                {
                    "name": "Symfony Community",
                    "homepage": "https://symfony.com/contributors"
                }
            ],
            "description": "Symfony polyfill for the Mbstring extension",
            "homepage": "https://symfony.com",
            "keywords": [
                "compatibility",
                "mbstring",
                "polyfill",
                "portable",
                "shim"
            ],
            "time": "2016-05-18 14:26:46"
        },
        {
            "name": "symfony/yaml",
            "version": "v3.1.4",
            "source": {
                "type": "git",
                "url": "https://github.com/symfony/yaml.git",
                "reference": "f291ed25eb1435bddbe8a96caaef16469c2a092d"
            },
            "dist": {
                "type": "zip",
                "url": "https://api.github.com/repos/symfony/yaml/zipball/f291ed25eb1435bddbe8a96caaef16469c2a092d",
                "reference": "f291ed25eb1435bddbe8a96caaef16469c2a092d",
                "shasum": ""
            },
            "require": {
                "php": ">=5.5.9"
            },
            "type": "library",
            "extra": {
                "branch-alias": {
                    "dev-master": "3.1-dev"
                }
            },
            "autoload": {
                "psr-4": {
                    "Symfony\\Component\\Yaml\\": ""
                },
                "exclude-from-classmap": [
                    "/Tests/"
                ]
            },
            "notification-url": "https://packagist.org/downloads/",
            "license": [
                "MIT"
            ],
            "authors": [
                {
                    "name": "Fabien Potencier",
                    "email": "fabien@symfony.com"
                },
                {
                    "name": "Symfony Community",
                    "homepage": "https://symfony.com/contributors"
                }
            ],
            "description": "Symfony Yaml Component",
            "homepage": "https://symfony.com",
            "time": "2016-09-02 02:12:52"
        }
    ],
    "packages-dev": [
        {
            "name": "squizlabs/php_codesniffer",
            "version": "2.7.0",
            "source": {
                "type": "git",
                "url": "https://github.com/squizlabs/PHP_CodeSniffer.git",
                "reference": "571e27b6348e5b3a637b2abc82ac0d01e6d7bbed"
            },
            "dist": {
                "type": "zip",
                "url": "https://api.github.com/repos/squizlabs/PHP_CodeSniffer/zipball/571e27b6348e5b3a637b2abc82ac0d01e6d7bbed",
                "reference": "571e27b6348e5b3a637b2abc82ac0d01e6d7bbed",
                "shasum": ""
            },
            "require": {
                "ext-simplexml": "*",
                "ext-tokenizer": "*",
                "ext-xmlwriter": "*",
                "php": ">=5.1.2"
            },
            "require-dev": {
                "phpunit/phpunit": "~4.0"
            },
            "bin": [
                "scripts/phpcs",
                "scripts/phpcbf"
            ],
            "type": "library",
            "extra": {
                "branch-alias": {
                    "dev-master": "2.x-dev"
                }
            },
            "autoload": {
                "classmap": [
                    "CodeSniffer.php",
                    "CodeSniffer/CLI.php",
                    "CodeSniffer/Exception.php",
                    "CodeSniffer/File.php",
                    "CodeSniffer/Fixer.php",
                    "CodeSniffer/Report.php",
                    "CodeSniffer/Reporting.php",
                    "CodeSniffer/Sniff.php",
                    "CodeSniffer/Tokens.php",
                    "CodeSniffer/Reports/",
                    "CodeSniffer/Tokenizers/",
                    "CodeSniffer/DocGenerators/",
                    "CodeSniffer/Standards/AbstractPatternSniff.php",
                    "CodeSniffer/Standards/AbstractScopeSniff.php",
                    "CodeSniffer/Standards/AbstractVariableSniff.php",
                    "CodeSniffer/Standards/IncorrectPatternException.php",
                    "CodeSniffer/Standards/Generic/Sniffs/",
                    "CodeSniffer/Standards/MySource/Sniffs/",
                    "CodeSniffer/Standards/PEAR/Sniffs/",
                    "CodeSniffer/Standards/PSR1/Sniffs/",
                    "CodeSniffer/Standards/PSR2/Sniffs/",
                    "CodeSniffer/Standards/Squiz/Sniffs/",
                    "CodeSniffer/Standards/Zend/Sniffs/"
                ]
            },
            "notification-url": "https://packagist.org/downloads/",
            "license": [
                "BSD-3-Clause"
            ],
            "authors": [
                {
                    "name": "Greg Sherwood",
                    "role": "lead"
                }
            ],
            "description": "PHP_CodeSniffer tokenizes PHP, JavaScript and CSS files and detects violations of a defined set of coding standards.",
            "homepage": "http://www.squizlabs.com/php-codesniffer",
            "keywords": [
                "phpcs",
                "standards"
            ],
            "time": "2016-09-01 23:53:02"
        }
    ],
    "aliases": [],
    "minimum-stability": "stable",
    "stability-flags": [],
    "prefer-stable": false,
    "prefer-lowest": false,
    "platform": {
        "php": "^7.0"
    },
    "platform-dev": []
}
